
Microsoft Visual Studio Solution File, Format Version 12.00
# Visual Studio Version 17
VisualStudioVersion = 17.8.34525.116
MinimumVisualStudioVersion = 10.0.40219.1
Project("{FAE04EC0-301F-11D3-BF4B-00C04F79EFBC}") = "cinema app", "cinema app\cinema app.csproj", "{B2874102-7C05-492B-8B63-FA0B57B7251C}"
EndProject
Global
	GlobalSection(SolutionConfigurationPlatforms) = preSolution
		Debug|Any CPU = Debug|Any CPU
		Release|Any CPU = Release|Any CPU
	EndGlobalSection
	GlobalSection(ProjectConfigurationPlatforms) = postSolution
		{B2874102-7C05-492B-8B63-FA0B57B7251C}.Debug|Any CPU.ActiveCfg = Debug|Any CPU
		{B2874102-7C05-492B-8B63-FA0B57B7251C}.Debug|Any CPU.Build.0 = Debug|Any CPU
		{B2874102-7C05-492B-8B63-FA0B57B7251C}.Release|Any CPU.ActiveCfg = Release|Any CPU
		{B2874102-7C05-492B-8B63-FA0B57B7251C}.Release|Any CPU.Build.0 = Release|Any CPU
	EndGlobalSection
	GlobalSection(SolutionProperties) = preSolution
		HideSolutionNode = FALSE
	EndGlobalSection
	GlobalSection(ExtensibilityGlobals) = postSolution
		SolutionGuid = {7F85F772-EE63-47DD-BB75-DD7280E1F4EC}
	EndGlobalSection
EndGlobal
